
Microsoft Visual Studio Solution File, Format Version 12.00
# Visual Studio 2013
VisualStudioVersion = 12.0.31101.0
MinimumVisualStudioVersion = 10.0.40219.1
Project("{2150E333-8FDC-42A3-9474-1A3956D46DE8}") = ".nuget", ".nuget", "{46559B74-207F-439F-9851-542D7F6F766D}"
	ProjectSection(SolutionItems) = preProject
		.nuget\NuGet.Config = .nuget\NuGet.Config
		.nuget\NuGet.exe = .nuget\NuGet.exe
		.nuget\NuGet.targets = .nuget\NuGet.targets
	EndProjectSection
EndProject
Project("{FAE04EC0-301F-11D3-BF4B-00C04F79EFBC}") = "AutoCleaner", "AutoCleaner\AutoCleaner.csproj", "{71504A5D-1E86-4F0E-9872-8FE6247DA93C}"
EndProject
Project("{FAE04EC0-301F-11D3-BF4B-00C04F79EFBC}") = "AutoCleaner.UnitTests", "AutoCleaner.UnitTests\AutoCleaner.UnitTests.csproj", "{06ACBD72-EAC6-46CE-9E1B-D047C77E1796}"
EndProject
Project("{2150E333-8FDC-42A3-9474-1A3956D46DE8}") = "Solution Items", "Solution Items", "{15D62756-AF6C-4BC4-AD2A-61AECD531300}"
	ProjectSection(SolutionItems) = preProject
		Changelog.txt = Changelog.txt
		README.md = README.md
	EndProjectSection
EndProject
Project("{FAE04EC0-301F-11D3-BF4B-00C04F79EFBC}") = "AutoCleaner.Example", "AutoCleaner.Example\AutoCleaner.Example.csproj", "{FBA492B9-1836-4610-9A23-87EA0E69A3BD}"
EndProject
Project("{FAE04EC0-301F-11D3-BF4B-00C04F79EFBC}") = "AutoCleaner.Example2", "AutoCleaner.Example2\AutoCleaner.Example2.csproj", "{04AA6A1B-245A-4774-B677-C32D1289089C}"
EndProject
Global
	GlobalSection(SolutionConfigurationPlatforms) = preSolution
		Debug|Any CPU = Debug|Any CPU
		Release|Any CPU = Release|Any CPU
	EndGlobalSection
	GlobalSection(ProjectConfigurationPlatforms) = postSolution
		{71504A5D-1E86-4F0E-9872-8FE6247DA93C}.Debug|Any CPU.ActiveCfg = Debug|Any CPU
		{71504A5D-1E86-4F0E-9872-8FE6247DA93C}.Debug|Any CPU.Build.0 = Debug|Any CPU
		{71504A5D-1E86-4F0E-9872-8FE6247DA93C}.Release|Any CPU.ActiveCfg = Release|Any CPU
		{71504A5D-1E86-4F0E-9872-8FE6247DA93C}.Release|Any CPU.Build.0 = Release|Any CPU
		{06ACBD72-EAC6-46CE-9E1B-D047C77E1796}.Debug|Any CPU.ActiveCfg = Debug|Any CPU
		{06ACBD72-EAC6-46CE-9E1B-D047C77E1796}.Debug|Any CPU.Build.0 = Debug|Any CPU
		{06ACBD72-EAC6-46CE-9E1B-D047C77E1796}.Release|Any CPU.ActiveCfg = Release|Any CPU
		{06ACBD72-EAC6-46CE-9E1B-D047C77E1796}.Release|Any CPU.Build.0 = Release|Any CPU
		{FBA492B9-1836-4610-9A23-87EA0E69A3BD}.Debug|Any CPU.ActiveCfg = Debug|Any CPU
		{FBA492B9-1836-4610-9A23-87EA0E69A3BD}.Debug|Any CPU.Build.0 = Debug|Any CPU
		{FBA492B9-1836-4610-9A23-87EA0E69A3BD}.Release|Any CPU.ActiveCfg = Release|Any CPU
		{FBA492B9-1836-4610-9A23-87EA0E69A3BD}.Release|Any CPU.Build.0 = Release|Any CPU
		{04AA6A1B-245A-4774-B677-C32D1289089C}.Debug|Any CPU.ActiveCfg = Debug|Any CPU
		{04AA6A1B-245A-4774-B677-C32D1289089C}.Debug|Any CPU.Build.0 = Debug|Any CPU
		{04AA6A1B-245A-4774-B677-C32D1289089C}.Release|Any CPU.ActiveCfg = Release|Any CPU
		{04AA6A1B-245A-4774-B677-C32D1289089C}.Release|Any CPU.Build.0 = Release|Any CPU
	EndGlobalSection
	GlobalSection(SolutionProperties) = preSolution
		HideSolutionNode = FALSE
	EndGlobalSection
EndGlobal
